
Microsoft Visual Studio Solution File, Format Version 12.00
# Visual Studio Version 16
VisualStudioVersion = 16.0.30621.155
MinimumVisualStudioVersion = 10.0.40219.1
Project("{FAE04EC0-301F-11D3-BF4B-00C04F79EFBC}") = "LiteFrame", "LiteFrame.csproj", "{AD5A6B64-4325-4796-B7AC-EB975B31CFF4}"
EndProject
Global
	GlobalSection(SolutionConfigurationPlatforms) = preSolution
		Debug|Any CPU = Debug|Any CPU
		Release|Any CPU = Release|Any CPU
	EndGlobalSection
	GlobalSection(ProjectConfigurationPlatforms) = postSolution
		{AD5A6B64-4325-4796-B7AC-EB975B31CFF4}.Debug|Any CPU.ActiveCfg = Debug|Any CPU
		{AD5A6B64-4325-4796-B7AC-EB975B31CFF4}.Debug|Any CPU.Build.0 = Debug|Any CPU
		{AD5A6B64-4325-4796-B7AC-EB975B31CFF4}.Release|Any CPU.ActiveCfg = Release|Any CPU
		{AD5A6B64-4325-4796-B7AC-EB975B31CFF4}.Release|Any CPU.Build.0 = Release|Any CPU
	EndGlobalSection
	GlobalSection(SolutionProperties) = preSolution
		HideSolutionNode = FALSE
	EndGlobalSection
	GlobalSection(ExtensibilityGlobals) = postSolution
		SolutionGuid = {3F7F4181-FA1D-4D2B-8193-CD034C807F9C}
	EndGlobalSection
EndGlobal
